// !$*UTF8*$!
{
	archiveVersion = 1;
	classes = {
	};
	objectVersion = 46;
	objects = {

/* Begin PBXBuildFile section */
		1A47DFA317BB25C9004F18FB /* TableCell.m in Sources */ = {isa = PBXBuildFile; fileRef = 1A47DFA217BB25C9004F18FB /* TableCell.m */; };
		1A47E30217BC71FB004F18FB /* ZIMGenModels.properties in Resources */ = {isa = PBXBuildFile; fileRef = 1A47E12917BC71FA004F18FB /* ZIMGenModels.properties */; };
		1A47E30317BC71FB004F18FB /* ZIMGenModels.sh in Resources */ = {isa = PBXBuildFile; fileRef = 1A47E12A17BC71FA004F18FB /* ZIMGenModels.sh */; };
		1A47E30517BC71FB004F18FB /* ZIMDbConnection.m in Sources */ = {isa = PBXBuildFile; fileRef = 1A47E12F17BC71FA004F18FB /* ZIMDbConnection.m */; };
		1A47E30617BC71FB004F18FB /* ZIMDbConnectionPool.m in Sources */ = {isa = PBXBuildFile; fileRef = 1A47E13117BC71FA004F18FB /* ZIMDbConnectionPool.m */; };
		1A47E30717BC71FB004F18FB /* NSString+ZIMString.m in Sources */ = {isa = PBXBuildFile; fileRef = 1A47E13517BC71FA004F18FB /* NSString+ZIMString.m */; };
		1A47E30817BC71FB004F18FB /* ZIMOrmModel.m in Sources */ = {isa = PBXBuildFile; fileRef = 1A47E13817BC71FA004F18FB /* ZIMOrmModel.m */; };
		1A47E30917BC71FB004F18FB /* ZIMOrmSelectStatement.m in Sources */ = {isa = PBXBuildFile; fileRef = 1A47E13C17BC71FA004F18FB /* ZIMOrmSelectStatement.m */; };
		1A47E30A17BC71FB004F18FB /* ZIMSqlAlterTableStatement.m in Sources */ = {isa = PBXBuildFile; fileRef = 1A47E13F17BC71FA004F18FB /* ZIMSqlAlterTableStatement.m */; };
		1A47E30B17BC71FB004F18FB /* ZIMSqlAnalyzeStatement.m in Sources */ = {isa = PBXBuildFile; fileRef = 1A47E14117BC71FA004F18FB /* ZIMSqlAnalyzeStatement.m */; };
		1A47E30C17BC71FB004F18FB /* ZIMSqlAttachStatement.m in Sources */ = {isa = PBXBuildFile; fileRef = 1A47E14317BC71FA004F18FB /* ZIMSqlAttachStatement.m */; };
		1A47E30D17BC71FB004F18FB /* ZIMSqlCreateIndexStatement.m in Sources */ = {isa = PBXBuildFile; fileRef = 1A47E14517BC71FA004F18FB /* ZIMSqlCreateIndexStatement.m */; };
		1A47E30E17BC71FB004F18FB /* ZIMSqlCreateTableStatement.m in Sources */ = {isa = PBXBuildFile; fileRef = 1A47E14717BC71FA004F18FB /* ZIMSqlCreateTableStatement.m */; };
		1A47E30F17BC71FB004F18FB /* ZIMSqlCreateTriggerStatement.m in Sources */ = {isa = PBXBuildFile; fileRef = 1A47E14917BC71FA004F18FB /* ZIMSqlCreateTriggerStatement.m */; };
		1A47E31017BC71FB004F18FB /* ZIMSqlCreateViewStatement.m in Sources */ = {isa = PBXBuildFile; fileRef = 1A47E14B17BC71FA004F18FB /* ZIMSqlCreateViewStatement.m */; };
		1A47E31117BC71FB004F18FB /* ZIMSqlDeleteStatement.m in Sources */ = {isa = PBXBuildFile; fileRef = 1A47E15017BC71FA004F18FB /* ZIMSqlDeleteStatement.m */; };
		1A47E31217BC71FB004F18FB /* ZIMSqlDetachStatement.m in Sources */ = {isa = PBXBuildFile; fileRef = 1A47E15217BC71FA004F18FB /* ZIMSqlDetachStatement.m */; };
		1A47E31317BC71FB004F18FB /* ZIMSqlDropIndexStatement.m in Sources */ = {isa = PBXBuildFile; fileRef = 1A47E15417BC71FA004F18FB /* ZIMSqlDropIndexStatement.m */; };
		1A47E31417BC71FB004F18FB /* ZIMSqlDropTableStatement.m in Sources */ = {isa = PBXBuildFile; fileRef = 1A47E15617BC71FA004F18FB /* ZIMSqlDropTableStatement.m */; };
		1A47E31517BC71FB004F18FB /* ZIMSqlDropTriggerStatement.m in Sources */ = {isa = PBXBuildFile; fileRef = 1A47E15817BC71FA004F18FB /* ZIMSqlDropTriggerStatement.m */; };
		1A47E31617BC71FB004F18FB /* ZIMSqlDropViewStatement.m in Sources */ = {isa = PBXBuildFile; fileRef = 1A47E15A17BC71FA004F18FB /* ZIMSqlDropViewStatement.m */; };
		1A47E31717BC71FB004F18FB /* ZIMSqlExplainStatement.m in Sources */ = {isa = PBXBuildFile; fileRef = 1A47E15C17BC71FA004F18FB /* ZIMSqlExplainStatement.m */; };
		1A47E31817BC71FB004F18FB /* ZIMSqlExpression.m in Sources */ = {isa = PBXBuildFile; fileRef = 1A47E15E17BC71FA004F18FB /* ZIMSqlExpression.m */; };
		1A47E31917BC71FB004F18FB /* ZIMSqlInsertStatement.m in Sources */ = {isa = PBXBuildFile; fileRef = 1A47E16017BC71FA004F18FB /* ZIMSqlInsertStatement.m */; };
		1A47E31A17BC71FB004F18FB /* ZIMSqlPreparedStatement.m in Sources */ = {isa = PBXBuildFile; fileRef = 1A47E16217BC71FA004F18FB /* ZIMSqlPreparedStatement.m */; };
		1A47E31B17BC71FB004F18FB /* ZIMSqlReindexStatement.m in Sources */ = {isa = PBXBuildFile; fileRef = 1A47E16417BC71FA004F18FB /* ZIMSqlReindexStatement.m */; };
		1A47E31C17BC71FB004F18FB /* ZIMSqlSelectStatement.m in Sources */ = {isa = PBXBuildFile; fileRef = 1A47E16717BC71FA004F18FB /* ZIMSqlSelectStatement.m */; };
		1A47E31D17BC71FB004F18FB /* ZIMSqlShowColumnsStatement.m in Sources */ = {isa = PBXBuildFile; fileRef = 1A47E16917BC71FA004F18FB /* ZIMSqlShowColumnsStatement.m */; };
		1A47E31E17BC71FB004F18FB /* ZIMSqlShowGrantsStatement.m in Sources */ = {isa = PBXBuildFile; fileRef = 1A47E16B17BC71FA004F18FB /* ZIMSqlShowGrantsStatement.m */; };
		1A47E31F17BC71FB004F18FB /* ZIMSqlShowTablesStatement.m in Sources */ = {isa = PBXBuildFile; fileRef = 1A47E16D17BC71FA004F18FB /* ZIMSqlShowTablesStatement.m */; };
		1A47E32017BC71FB004F18FB /* ZIMSqlShowTriggersStatement.m in Sources */ = {isa = PBXBuildFile; fileRef = 1A47E16F17BC71FA004F18FB /* ZIMSqlShowTriggersStatement.m */; };
		1A47E32117BC71FB004F18FB /* ZIMSqlShowViewsStatement.m in Sources */ = {isa = PBXBuildFile; fileRef = 1A47E17117BC71FA004F18FB /* ZIMSqlShowViewsStatement.m */; };
		1A47E32217BC71FB004F18FB /* ZIMSqlTokenizer.m in Sources */ = {isa = PBXBuildFile; fileRef = 1A47E17417BC71FA004F18FB /* ZIMSqlTokenizer.m */; };
		1A47E32317BC71FB004F18FB /* ZIMSqlTruncateTableStatement.m in Sources */ = {isa = PBXBuildFile; fileRef = 1A47E17717BC71FA004F18FB /* ZIMSqlTruncateTableStatement.m */; };
		1A47E32417BC71FB004F18FB /* ZIMSqlUpdateStatement.m in Sources */ = {isa = PBXBuildFile; fileRef = 1A47E17917BC71FA004F18FB /* ZIMSqlUpdateStatement.m */; };
		1A47E32517BC71FB004F18FB /* ZIMSqlUpsertStatement.m in Sources */ = {isa = PBXBuildFile; fileRef = 1A47E17B17BC71FA004F18FB /* ZIMSqlUpsertStatement.m */; };
		1A47E32617BC71FB004F18FB /* ZIMMessageDigest.m in Sources */ = {isa = PBXBuildFile; fileRef = 1A47E17E17BC71FA004F18FB /* ZIMMessageDigest.m */; };
		1A47E32717BC71FB004F18FB /* database.dtd in Resources */ = {isa = PBXBuildFile; fileRef = 1A47E18017BC71FA004F18FB /* database.dtd */; };
		1A47E32817BC71FB004F18FB /* database.xsd in Resources */ = {isa = PBXBuildFile; fileRef = 1A47E18117BC71FA004F18FB /* database.xsd */; };
		1A47E32917BC71FB004F18FB /* example.xml in Resources */ = {isa = PBXBuildFile; fileRef = 1A47E18317BC71FA004F18FB /* example.xml */; };
		1ADFE66D17B98B3600C2DFE0 /* UIKit.framework in Frameworks */ = {isa = PBXBuildFile; fileRef = 1ADFE66C17B98B3600C2DFE0 /* UIKit.framework */; };
		1ADFE66F17B98B3600C2DFE0 /* Foundation.framework in Frameworks */ = {isa = PBXBuildFile; fileRef = 1ADFE66E17B98B3600C2DFE0 /* Foundation.framework */; };
		1ADFE67117B98B3600C2DFE0 /* CoreGraphics.framework in Frameworks */ = {isa = PBXBuildFile; fileRef = 1ADFE67017B98B3600C2DFE0 /* CoreGraphics.framework */; };
		1ADFE67717B98B3600C2DFE0 /* InfoPlist.strings in Resources */ = {isa = PBXBuildFile; fileRef = 1ADFE67517B98B3600C2DFE0 /* InfoPlist.strings */; };
		1ADFE67917B98B3600C2DFE0 /* main.m in Sources */ = {isa = PBXBuildFile; fileRef = 1ADFE67817B98B3600C2DFE0 /* main.m */; };
		1ADFE67D17B98B3600C2DFE0 /* AppDelegate.m in Sources */ = {isa = PBXBuildFile; fileRef = 1ADFE67C17B98B3600C2DFE0 /* AppDelegate.m */; };
		1ADFE67F17B98B3600C2DFE0 /* Default.png in Resources */ = {isa = PBXBuildFile; fileRef = 1ADFE67E17B98B3600C2DFE0 /* Default.png */; };
		1ADFE68117B98B3600C2DFE0 /* Default@2x.png in Resources */ = {isa = PBXBuildFile; fileRef = 1ADFE68017B98B3600C2DFE0 /* Default@2x.png */; };
		1ADFE68317B98B3600C2DFE0 /* Default-568h@2x.png in Resources */ = {isa = PBXBuildFile; fileRef = 1ADFE68217B98B3600C2DFE0 /* Default-568h@2x.png */; };
		1ADFE68617B98B3600C2DFE0 /* MainStoryboard.storyboard in Resources */ = {isa = PBXBuildFile; fileRef = 1ADFE68417B98B3600C2DFE0 /* MainStoryboard.storyboard */; };
		1ADFE68917B98B3600C2DFE0 /* ViewController.m in Sources */ = {isa = PBXBuildFile; fileRef = 1ADFE68817B98B3600C2DFE0 /* ViewController.m */; };
		1ADFEA1A17B98C4C00C2DFE0 /* libsqlite3.dylib in Frameworks */ = {isa = PBXBuildFile; fileRef = 1ADFEA1917B98C4C00C2DFE0 /* libsqlite3.dylib */; };
		1ADFEA1E17B98E3700C2DFE0 /* db.plist in Resources */ = {isa = PBXBuildFile; fileRef = 1ADFEA1D17B98E3700C2DFE0 /* db.plist */; };
/* End PBXBuildFile section */

/* Begin PBXFileReference section */
		1A47DFA117BB25C9004F18FB /* TableCell.h */ = {isa = PBXFileReference; fileEncoding = 4; lastKnownFileType = sourcecode.c.h; path = TableCell.h; sourceTree = "<group>"; };
		1A47DFA217BB25C9004F18FB /* TableCell.m */ = {isa = PBXFileReference; fileEncoding = 4; lastKnownFileType = sourcecode.c.objc; path = TableCell.m; sourceTree = "<group>"; };
		1A47E12917BC71FA004F18FB /* ZIMGenModels.properties */ = {isa = PBXFileReference; fileEncoding = 4; lastKnownFileType = text; path = ZIMGenModels.properties; sourceTree = "<group>"; };
		1A47E12A17BC71FA004F18FB /* ZIMGenModels.sh */ = {isa = PBXFileReference; fileEncoding = 4; lastKnownFileType = text.script.sh; path = ZIMGenModels.sh; sourceTree = "<group>"; };
		1A47E12E17BC71FA004F18FB /* ZIMDbConnection.h */ = {isa = PBXFileReference; fileEncoding = 4; lastKnownFileType = sourcecode.c.h; path = ZIMDbConnection.h; sourceTree = "<group>"; };
		1A47E12F17BC71FA004F18FB /* ZIMDbConnection.m */ = {isa = PBXFileReference; fileEncoding = 4; lastKnownFileType = sourcecode.c.objc; path = ZIMDbConnection.m; sourceTree = "<group>"; };
		1A47E13017BC71FA004F18FB /* ZIMDbConnectionPool.h */ = {isa = PBXFileReference; fileEncoding = 4; lastKnownFileType = sourcecode.c.h; path = ZIMDbConnectionPool.h; sourceTree = "<group>"; };
		1A47E13117BC71FA004F18FB /* ZIMDbConnectionPool.m */ = {isa = PBXFileReference; fileEncoding = 4; lastKnownFileType = sourcecode.c.objc; path = ZIMDbConnectionPool.m; sourceTree = "<group>"; };
		1A47E13217BC71FA004F18FB /* ZIMDbSdk.h */ = {isa = PBXFileReference; fileEncoding = 4; lastKnownFileType = sourcecode.c.h; path = ZIMDbSdk.h; sourceTree = "<group>"; };
		1A47E13417BC71FA004F18FB /* NSString+ZIMString.h */ = {isa = PBXFileReference; fileEncoding = 4; lastKnownFileType = sourcecode.c.h; path = "NSString+ZIMString.h"; sourceTree = "<group>"; };
		1A47E13517BC71FA004F18FB /* NSString+ZIMString.m */ = {isa = PBXFileReference; fileEncoding = 4; lastKnownFileType = sourcecode.c.objc; path = "NSString+ZIMString.m"; sourceTree = "<group>"; };
		1A47E13717BC71FA004F18FB /* ZIMOrmModel.h */ = {isa = PBXFileReference; fileEncoding = 4; lastKnownFileType = sourcecode.c.h; path = ZIMOrmModel.h; sourceTree = "<group>"; };
		1A47E13817BC71FA004F18FB /* ZIMOrmModel.m */ = {isa = PBXFileReference; fileEncoding = 4; lastKnownFileType = sourcecode.c.objc; path = ZIMOrmModel.m; sourceTree = "<group>"; };
		1A47E13917BC71FA004F18FB /* ZIMOrmModelDelegate.h */ = {isa = PBXFileReference; fileEncoding = 4; lastKnownFileType = sourcecode.c.h; path = ZIMOrmModelDelegate.h; sourceTree = "<group>"; };
		1A47E13A17BC71FA004F18FB /* ZIMOrmSdk.h */ = {isa = PBXFileReference; fileEncoding = 4; lastKnownFileType = sourcecode.c.h; path = ZIMOrmSdk.h; sourceTree = "<group>"; };
		1A47E13B17BC71FA004F18FB /* ZIMOrmSelectStatement.h */ = {isa = PBXFileReference; fileEncoding = 4; lastKnownFileType = sourcecode.c.h; path = ZIMOrmSelectStatement.h; sourceTree = "<group>"; };
		1A47E13C17BC71FA004F18FB /* ZIMOrmSelectStatement.m */ = {isa = PBXFileReference; fileEncoding = 4; lastKnownFileType = sourcecode.c.objc; path = ZIMOrmSelectStatement.m; sourceTree = "<group>"; };
		1A47E13E17BC71FA004F18FB /* ZIMSqlAlterTableStatement.h */ = {isa = PBXFileReference; fileEncoding = 4; lastKnownFileType = sourcecode.c.h; path = ZIMSqlAlterTableStatement.h; sourceTree = "<group>"; };
		1A47E13F17BC71FA004F18FB /* ZIMSqlAlterTableStatement.m */ = {isa = PBXFileReference; fileEncoding = 4; lastKnownFileType = sourcecode.c.objc; path = ZIMSqlAlterTableStatement.m; sourceTree = "<group>"; };
		1A47E14017BC71FA004F18FB /* ZIMSqlAnalyzeStatement.h */ = {isa = PBXFileReference; fileEncoding = 4; lastKnownFileType = sourcecode.c.h; path = ZIMSqlAnalyzeStatement.h; sourceTree = "<group>"; };
		1A47E14117BC71FA004F18FB /* ZIMSqlAnalyzeStatement.m */ = {isa = PBXFileReference; fileEncoding = 4; lastKnownFileType = sourcecode.c.objc; path = ZIMSqlAnalyzeStatement.m; sourceTree = "<group>"; };
		1A47E14217BC71FA004F18FB /* ZIMSqlAttachStatement.h */ = {isa = PBXFileReference; fileEncoding = 4; lastKnownFileType = sourcecode.c.h; path = ZIMSqlAttachStatement.h; sourceTree = "<group>"; };
		1A47E14317BC71FA004F18FB /* ZIMSqlAttachStatement.m */ = {isa = PBXFileReference; fileEncoding = 4; lastKnownFileType = sourcecode.c.objc; path = ZIMSqlAttachStatement.m; sourceTree = "<group>"; };
		1A47E14417BC71FA004F18FB /* ZIMSqlCreateIndexStatement.h */ = {isa = PBXFileReference; fileEncoding = 4; lastKnownFileType = sourcecode.c.h; path = ZIMSqlCreateIndexStatement.h; sourceTree = "<group>"; };
		1A47E14517BC71FA004F18FB /* ZIMSqlCreateIndexStatement.m */ = {isa = PBXFileReference; fileEncoding = 4; lastKnownFileType = sourcecode.c.objc; path = ZIMSqlCreateIndexStatement.m; sourceTree = "<group>"; };
		1A47E14617BC71FA004F18FB /* ZIMSqlCreateTableStatement.h */ = {isa = PBXFileReference; fileEncoding = 4; lastKnownFileType = sourcecode.c.h; path = ZIMSqlCreateTableStatement.h; sourceTree = "<group>"; };
		1A47E14717BC71FA004F18FB /* ZIMSqlCreateTableStatement.m */ = {isa = PBXFileReference; fileEncoding = 4; lastKnownFileType = sourcecode.c.objc; path = ZIMSqlCreateTableStatement.m; sourceTree = "<group>"; };
		1A47E14817BC71FA004F18FB /* ZIMSqlCreateTriggerStatement.h */ = {isa = PBXFileReference; fileEncoding = 4; lastKnownFileType = sourcecode.c.h; path = ZIMSqlCreateTriggerStatement.h; sourceTree = "<group>"; };
		1A47E14917BC71FA004F18FB /* ZIMSqlCreateTriggerStatement.m */ = {isa = PBXFileReference; fileEncoding = 4; lastKnownFileType = sourcecode.c.objc; path = ZIMSqlCreateTriggerStatement.m; sourceTree = "<group>"; };
		1A47E14A17BC71FA004F18FB /* ZIMSqlCreateViewStatement.h */ = {isa = PBXFileReference; fileEncoding = 4; lastKnownFileType = sourcecode.c.h; path = ZIMSqlCreateViewStatement.h; sourceTree = "<group>"; };
		1A47E14B17BC71FA004F18FB /* ZIMSqlCreateViewStatement.m */ = {isa = PBXFileReference; fileEncoding = 4; lastKnownFileType = sourcecode.c.objc; path = ZIMSqlCreateViewStatement.m; sourceTree = "<group>"; };
		1A47E14C17BC71FA004F18FB /* ZIMSqlDataControlCommand.h */ = {isa = PBXFileReference; fileEncoding = 4; lastKnownFileType = sourcecode.c.h; path = ZIMSqlDataControlCommand.h; sourceTree = "<group>"; };
		1A47E14D17BC71FA004F18FB /* ZIMSqlDataDefinitionCommand.h */ = {isa = PBXFileReference; fileEncoding = 4; lastKnownFileType = sourcecode.c.h; path = ZIMSqlDataDefinitionCommand.h; sourceTree = "<group>"; };
		1A47E14E17BC71FA004F18FB /* ZIMSqlDataManipulationCommand.h */ = {isa = PBXFileReference; fileEncoding = 4; lastKnownFileType = sourcecode.c.h; path = ZIMSqlDataManipulationCommand.h; sourceTree = "<group>"; };
		1A47E14F17BC71FA004F18FB /* ZIMSqlDeleteStatement.h */ = {isa = PBXFileReference; fileEncoding = 4; lastKnownFileType = sourcecode.c.h; path = ZIMSqlDeleteStatement.h; sourceTree = "<group>"; };
		1A47E15017BC71FA004F18FB /* ZIMSqlDeleteStatement.m */ = {isa = PBXFileReference; fileEncoding = 4; lastKnownFileType = sourcecode.c.objc; path = ZIMSqlDeleteStatement.m; sourceTree = "<group>"; };
		1A47E15117BC71FA004F18FB /* ZIMSqlDetachStatement.h */ = {isa = PBXFileReference; fileEncoding = 4; lastKnownFileType = sourcecode.c.h; path = ZIMSqlDetachStatement.h; sourceTree = "<group>"; };
		1A47E15217BC71FA004F18FB /* ZIMSqlDetachStatement.m */ = {isa = PBXFileReference; fileEncoding = 4; lastKnownFileType = sourcecode.c.objc; path = ZIMSqlDetachStatement.m; sourceTree = "<group>"; };
		1A47E15317BC71FA004F18FB /* ZIMSqlDropIndexStatement.h */ = {isa = PBXFileReference; fileEncoding = 4; lastKnownFileType = sourcecode.c.h; path = ZIMSqlDropIndexStatement.h; sourceTree = "<group>"; };
		1A47E15417BC71FA004F18FB /* ZIMSqlDropIndexStatement.m */ = {isa = PBXFileReference; fileEncoding = 4; lastKnownFileType = sourcecode.c.objc; path = ZIMSqlDropIndexStatement.m; sourceTree = "<group>"; };
		1A47E15517BC71FA004F18FB /* ZIMSqlDropTableStatement.h */ = {isa = PBXFileReference; fileEncoding = 4; lastKnownFileType = sourcecode.c.h; path = ZIMSqlDropTableStatement.h; sourceTree = "<group>"; };
		1A47E15617BC71FA004F18FB /* ZIMSqlDropTableStatement.m */ = {isa = PBXFileReference; fileEncoding = 4; lastKnownFileType = sourcecode.c.objc; path = ZIMSqlDropTableStatement.m; sourceTree = "<group>"; };
		1A47E15717BC71FA004F18FB /* ZIMSqlDropTriggerStatement.h */ = {isa = PBXFileReference; fileEncoding = 4; lastKnownFileType = sourcecode.c.h; path = ZIMSqlDropTriggerStatement.h; sourceTree = "<group>"; };
		1A47E15817BC71FA004F18FB /* ZIMSqlDropTriggerStatement.m */ = {isa = PBXFileReference; fileEncoding = 4; lastKnownFileType = sourcecode.c.objc; path = ZIMSqlDropTriggerStatement.m; sourceTree = "<group>"; };
		1A47E15917BC71FA004F18FB /* ZIMSqlDropViewStatement.h */ = {isa = PBXFileReference; fileEncoding = 4; lastKnownFileType = sourcecode.c.h; path = ZIMSqlDropViewStatement.h; sourceTree = "<group>"; };
		1A47E15A17BC71FA004F18FB /* ZIMSqlDropViewStatement.m */ = {isa = PBXFileReference; fileEncoding = 4; lastKnownFileType = sourcecode.c.objc; path = ZIMSqlDropViewStatement.m; sourceTree = "<group>"; };
		1A47E15B17BC71FA004F18FB /* ZIMSqlExplainStatement.h */ = {isa = PBXFileReference; fileEncoding = 4; lastKnownFileType = sourcecode.c.h; path = ZIMSqlExplainStatement.h; sourceTree = "<group>"; };
		1A47E15C17BC71FA004F18FB /* ZIMSqlExplainStatement.m */ = {isa = PBXFileReference; fileEncoding = 4; lastKnownFileType = sourcecode.c.objc; path = ZIMSqlExplainStatement.m; sourceTree = "<group>"; };
		1A47E15D17BC71FA004F18FB /* ZIMSqlExpression.h */ = {isa = PBXFileReference; fileEncoding = 4; lastKnownFileType = sourcecode.c.h; path = ZIMSqlExpression.h; sourceTree = "<group>"; };
		1A47E15E17BC71FA004F18FB /* ZIMSqlExpression.m */ = {isa = PBXFileReference; fileEncoding = 4; lastKnownFileType = sourcecode.c.objc; path = ZIMSqlExpression.m; sourceTree = "<group>"; };
		1A47E15F17BC71FA004F18FB /* ZIMSqlInsertStatement.h */ = {isa = PBXFileReference; fileEncoding = 4; lastKnownFileType = sourcecode.c.h; path = ZIMSqlInsertStatement.h; sourceTree = "<group>"; };
		1A47E16017BC71FA004F18FB /* ZIMSqlInsertStatement.m */ = {isa = PBXFileReference; fileEncoding = 4; lastKnownFileType = sourcecode.c.objc; path = ZIMSqlInsertStatement.m; sourceTree = "<group>"; };
		1A47E16117BC71FA004F18FB /* ZIMSqlPreparedStatement.h */ = {isa = PBXFileReference; fileEncoding = 4; lastKnownFileType = sourcecode.c.h; path = ZIMSqlPreparedStatement.h; sourceTree = "<group>"; };
		1A47E16217BC71FA004F18FB /* ZIMSqlPreparedStatement.m */ = {isa = PBXFileReference; fileEncoding = 4; lastKnownFileType = sourcecode.c.objc; path = ZIMSqlPreparedStatement.m; sourceTree = "<group>"; };
		1A47E16317BC71FA004F18FB /* ZIMSqlReindexStatement.h */ = {isa = PBXFileReference; fileEncoding = 4; lastKnownFileType = sourcecode.c.h; path = ZIMSqlReindexStatement.h; sourceTree = "<group>"; };
		1A47E16417BC71FA004F18FB /* ZIMSqlReindexStatement.m */ = {isa = PBXFileReference; fileEncoding = 4; lastKnownFileType = sourcecode.c.objc; path = ZIMSqlReindexStatement.m; sourceTree = "<group>"; };
		1A47E16517BC71FA004F18FB /* ZIMSqlSdk.h */ = {isa = PBXFileReference; fileEncoding = 4; lastKnownFileType = sourcecode.c.h; path = ZIMSqlSdk.h; sourceTree = "<group>"; };
		1A47E16617BC71FA004F18FB /* ZIMSqlSelectStatement.h */ = {isa = PBXFileReference; fileEncoding = 4; lastKnownFileType = sourcecode.c.h; path = ZIMSqlSelectStatement.h; sourceTree = "<group>"; };
		1A47E16717BC71FA004F18FB /* ZIMSqlSelectStatement.m */ = {isa = PBXFileReference; fileEncoding = 4; lastKnownFileType = sourcecode.c.objc; path = ZIMSqlSelectStatement.m; sourceTree = "<group>"; };
		1A47E16817BC71FA004F18FB /* ZIMSqlShowColumnsStatement.h */ = {isa = PBXFileReference; fileEncoding = 4; lastKnownFileType = sourcecode.c.h; path = ZIMSqlShowColumnsStatement.h; sourceTree = "<group>"; };
		1A47E16917BC71FA004F18FB /* ZIMSqlShowColumnsStatement.m */ = {isa = PBXFileReference; fileEncoding = 4; lastKnownFileType = sourcecode.c.objc; path = ZIMSqlShowColumnsStatement.m; sourceTree = "<group>"; };
		1A47E16A17BC71FA004F18FB /* ZIMSqlShowGrantsStatement.h */ = {isa = PBXFileReference; fileEncoding = 4; lastKnownFileType = sourcecode.c.h; path = ZIMSqlShowGrantsStatement.h; sourceTree = "<group>"; };
		1A47E16B17BC71FA004F18FB /* ZIMSqlShowGrantsStatement.m */ = {isa = PBXFileReference; fileEncoding = 4; lastKnownFileType = sourcecode.c.objc; path = ZIMSqlShowGrantsStatement.m; sourceTree = "<group>"; };
		1A47E16C17BC71FA004F18FB /* ZIMSqlShowTablesStatement.h */ = {isa = PBXFileReference; fileEncoding = 4; lastKnownFileType = sourcecode.c.h; path = ZIMSqlShowTablesStatement.h; sourceTree = "<group>"; };
		1A47E16D17BC71FA004F18FB /* ZIMSqlShowTablesStatement.m */ = {isa = PBXFileReference; fileEncoding = 4; lastKnownFileType = sourcecode.c.objc; path = ZIMSqlShowTablesStatement.m; sourceTree = "<group>"; };
		1A47E16E17BC71FA004F18FB /* ZIMSqlShowTriggersStatement.h */ = {isa = PBXFileReference; fileEncoding = 4; lastKnownFileType = sourcecode.c.h; path = ZIMSqlShowTriggersStatement.h; sourceTree = "<group>"; };
		1A47E16F17BC71FA004F18FB /* ZIMSqlShowTriggersStatement.m */ = {isa = PBXFileReference; fileEncoding = 4; lastKnownFileType = sourcecode.c.objc; path = ZIMSqlShowTriggersStatement.m; sourceTree = "<group>"; };
		1A47E17017BC71FA004F18FB /* ZIMSqlShowViewsStatement.h */ = {isa = PBXFileReference; fileEncoding = 4; lastKnownFileType = sourcecode.c.h; path = ZIMSqlShowViewsStatement.h; sourceTree = "<group>"; };
		1A47E17117BC71FA004F18FB /* ZIMSqlShowViewsStatement.m */ = {isa = PBXFileReference; fileEncoding = 4; lastKnownFileType = sourcecode.c.objc; path = ZIMSqlShowViewsStatement.m; sourceTree = "<group>"; };
		1A47E17217BC71FA004F18FB /* ZIMSqlStatement.h */ = {isa = PBXFileReference; fileEncoding = 4; lastKnownFileType = sourcecode.c.h; path = ZIMSqlStatement.h; sourceTree = "<group>"; };
		1A47E17317BC71FA004F18FB /* ZIMSqlTokenizer.h */ = {isa = PBXFileReference; fileEncoding = 4; lastKnownFileType = sourcecode.c.h; path = ZIMSqlTokenizer.h; sourceTree = "<group>"; };
		1A47E17417BC71FA004F18FB /* ZIMSqlTokenizer.m */ = {isa = PBXFileReference; fileEncoding = 4; lastKnownFileType = sourcecode.c.objc; path = ZIMSqlTokenizer.m; sourceTree = "<group>"; };
		1A47E17517BC71FA004F18FB /* ZIMSqlTransactionControlCommand.h */ = {isa = PBXFileReference; fileEncoding = 4; lastKnownFileType = sourcecode.c.h; path = ZIMSqlTransactionControlCommand.h; sourceTree = "<group>"; };
		1A47E17617BC71FA004F18FB /* ZIMSqlTruncateTableStatement.h */ = {isa = PBXFileReference; fileEncoding = 4; lastKnownFileType = sourcecode.c.h; path = ZIMSqlTruncateTableStatement.h; sourceTree = "<group>"; };
		1A47E17717BC71FA004F18FB /* ZIMSqlTruncateTableStatement.m */ = {isa = PBXFileReference; fileEncoding = 4; lastKnownFileType = sourcecode.c.objc; path = ZIMSqlTruncateTableStatement.m; sourceTree = "<group>"; };
		1A47E17817BC71FA004F18FB /* ZIMSqlUpdateStatement.h */ = {isa = PBXFileReference; fileEncoding = 4; lastKnownFileType = sourcecode.c.h; path = ZIMSqlUpdateStatement.h; sourceTree = "<group>"; };
		1A47E17917BC71FA004F18FB /* ZIMSqlUpdateStatement.m */ = {isa = PBXFileReference; fileEncoding = 4; lastKnownFileType = sourcecode.c.objc; path = ZIMSqlUpdateStatement.m; sourceTree = "<group>"; };
		1A47E17A17BC71FA004F18FB /* ZIMSqlUpsertStatement.h */ = {isa = PBXFileReference; fileEncoding = 4; lastKnownFileType = sourcecode.c.h; path = ZIMSqlUpsertStatement.h; sourceTree = "<group>"; };
		1A47E17B17BC71FA004F18FB /* ZIMSqlUpsertStatement.m */ = {isa = PBXFileReference; fileEncoding = 4; lastKnownFileType = sourcecode.c.objc; path = ZIMSqlUpsertStatement.m; sourceTree = "<group>"; };
		1A47E17D17BC71FA004F18FB /* ZIMMessageDigest.h */ = {isa = PBXFileReference; fileEncoding = 4; lastKnownFileType = sourcecode.c.h; path = ZIMMessageDigest.h; sourceTree = "<group>"; };
		1A47E17E17BC71FA004F18FB /* ZIMMessageDigest.m */ = {isa = PBXFileReference; fileEncoding = 4; lastKnownFileType = sourcecode.c.objc; path = ZIMMessageDigest.m; sourceTree = "<group>"; };
		1A47E18017BC71FA004F18FB /* database.dtd */ = {isa = PBXFileReference; fileEncoding = 4; lastKnownFileType = text.xml; path = database.dtd; sourceTree = "<group>"; };
		1A47E18117BC71FA004F18FB /* database.xsd */ = {isa = PBXFileReference; fileEncoding = 4; lastKnownFileType = text.xml; path = database.xsd; sourceTree = "<group>"; };
		1A47E18317BC71FA004F18FB /* example.xml */ = {isa = PBXFileReference; fileEncoding = 4; lastKnownFileType = text.xml; path = example.xml; sourceTree = "<group>"; };
		1ADFE66917B98B3600C2DFE0 /* CPM-Week-2-iOS.app */ = {isa = PBXFileReference; explicitFileType = wrapper.application; includeInIndex = 0; path = "CPM-Week-2-iOS.app"; sourceTree = BUILT_PRODUCTS_DIR; };
		1ADFE66C17B98B3600C2DFE0 /* UIKit.framework */ = {isa = PBXFileReference; lastKnownFileType = wrapper.framework; name = UIKit.framework; path = System/Library/Frameworks/UIKit.framework; sourceTree = SDKROOT; };
		1ADFE66E17B98B3600C2DFE0 /* Foundation.framework */ = {isa = PBXFileReference; lastKnownFileType = wrapper.framework; name = Foundation.framework; path = System/Library/Frameworks/Foundation.framework; sourceTree = SDKROOT; };
		1ADFE67017B98B3600C2DFE0 /* CoreGraphics.framework */ = {isa = PBXFileReference; lastKnownFileType = wrapper.framework; name = CoreGraphics.framework; path = System/Library/Frameworks/CoreGraphics.framework; sourceTree = SDKROOT; };
		1ADFE67417B98B3600C2DFE0 /* CPM-Week-2-iOS-Info.plist */ = {isa = PBXFileReference; lastKnownFileType = text.plist.xml; path = "CPM-Week-2-iOS-Info.plist"; sourceTree = "<group>"; };
		1ADFE67617B98B3600C2DFE0 /* en */ = {isa = PBXFileReference; lastKnownFileType = text.plist.strings; name = en; path = en.lproj/InfoPlist.strings; sourceTree = "<group>"; };
		1ADFE67817B98B3600C2DFE0 /* main.m */ = {isa = PBXFileReference; lastKnownFileType = sourcecode.c.objc; path = main.m; sourceTree = "<group>"; };
		1ADFE67A17B98B3600C2DFE0 /* CPM-Week-2-iOS-Prefix.pch */ = {isa = PBXFileReference; lastKnownFileType = sourcecode.c.h; path = "CPM-Week-2-iOS-Prefix.pch"; sourceTree = "<group>"; };
		1ADFE67B17B98B3600C2DFE0 /* AppDelegate.h */ = {isa = PBXFileReference; lastKnownFileType = sourcecode.c.h; path = AppDelegate.h; sourceTree = "<group>"; };
		1ADFE67C17B98B3600C2DFE0 /* AppDelegate.m */ = {isa = PBXFileReference; lastKnownFileType = sourcecode.c.objc; path = AppDelegate.m; sourceTree = "<group>"; };
		1ADFE67E17B98B3600C2DFE0 /* Default.png */ = {isa = PBXFileReference; lastKnownFileType = image.png; path = Default.png; sourceTree = "<group>"; };
		1ADFE68017B98B3600C2DFE0 /* Default@2x.png */ = {isa = PBXFileReference; lastKnownFileType = image.png; path = "Default@2x.png"; sourceTree = "<group>"; };
		1ADFE68217B98B3600C2DFE0 /* Default-568h@2x.png */ = {isa = PBXFileReference; lastKnownFileType = image.png; path = "Default-568h@2x.png"; sourceTree = "<group>"; };
		1ADFE68517B98B3600C2DFE0 /* en */ = {isa = PBXFileReference; lastKnownFileType = file.storyboard; name = en; path = en.lproj/MainStoryboard.storyboard; sourceTree = "<group>"; };
		1ADFE68717B98B3600C2DFE0 /* ViewController.h */ = {isa = PBXFileReference; lastKnownFileType = sourcecode.c.h; path = ViewController.h; sourceTree = "<group>"; };
		1ADFE68817B98B3600C2DFE0 /* ViewController.m */ = {isa = PBXFileReference; lastKnownFileType = sourcecode.c.objc; path = ViewController.m; sourceTree = "<group>"; };
		1ADFEA1917B98C4C00C2DFE0 /* libsqlite3.dylib */ = {isa = PBXFileReference; lastKnownFileType = "compiled.mach-o.dylib"; name = libsqlite3.dylib; path = usr/lib/libsqlite3.dylib; sourceTree = SDKROOT; };
		1ADFEA1D17B98E3700C2DFE0 /* db.plist */ = {isa = PBXFileReference; fileEncoding = 4; lastKnownFileType = text.plist.xml; path = db.plist; sourceTree = "<group>"; };
/* End PBXFileReference section */

/* Begin PBXFrameworksBuildPhase section */
		1ADFE66617B98B3600C2DFE0 /* Frameworks */ = {
			isa = PBXFrameworksBuildPhase;
			buildActionMask = 2147483647;
			files = (
				1ADFEA1A17B98C4C00C2DFE0 /* libsqlite3.dylib in Frameworks */,
				1ADFE66D17B98B3600C2DFE0 /* UIKit.framework in Frameworks */,
				1ADFE66F17B98B3600C2DFE0 /* Foundation.framework in Frameworks */,
				1ADFE67117B98B3600C2DFE0 /* CoreGraphics.framework in Frameworks */,
			);
			runOnlyForDeploymentPostprocessing = 0;
		};
/* End PBXFrameworksBuildPhase section */

/* Begin PBXGroup section */
		1A47DFA417BC71F9004F18FB /* obj-c-sql-query-builder */ = {
			isa = PBXGroup;
			children = (
				1A47E12817BC71FA004F18FB /* gen */,
				1A47E12C17BC71FA004F18FB /* src */,
				1A47E17F17BC71FA004F18FB /* xml */,
			);
			path = "obj-c-sql-query-builder";
			sourceTree = "<group>";
		};
		1A47E12817BC71FA004F18FB /* gen */ = {
			isa = PBXGroup;
			children = (
				1A47E12917BC71FA004F18FB /* ZIMGenModels.properties */,
				1A47E12A17BC71FA004F18FB /* ZIMGenModels.sh */,
			);
			path = gen;
			sourceTree = "<group>";
		};
		1A47E12C17BC71FA004F18FB /* src */ = {
			isa = PBXGroup;
			children = (
				1A47E12D17BC71FA004F18FB /* db */,
				1A47E13317BC71FA004F18FB /* ext */,
				1A47E13617BC71FA004F18FB /* orm */,
				1A47E13D17BC71FA004F18FB /* sql */,
				1A47E17C17BC71FA004F18FB /* util */,
			);
			path = src;
			sourceTree = "<group>";
		};
		1A47E12D17BC71FA004F18FB /* db */ = {
			isa = PBXGroup;
			children = (
				1A47E12E17BC71FA004F18FB /* ZIMDbConnection.h */,
				1A47E12F17BC71FA004F18FB /* ZIMDbConnection.m */,
				1A47E13017BC71FA004F18FB /* ZIMDbConnectionPool.h */,
				1A47E13117BC71FA004F18FB /* ZIMDbConnectionPool.m */,
				1A47E13217BC71FA004F18FB /* ZIMDbSdk.h */,
			);
			path = db;
			sourceTree = "<group>";
		};
		1A47E13317BC71FA004F18FB /* ext */ = {
			isa = PBXGroup;
			children = (
				1A47E13417BC71FA004F18FB /* NSString+ZIMString.h */,
				1A47E13517BC71FA004F18FB /* NSString+ZIMString.m */,
			);
			path = ext;
			sourceTree = "<group>";
		};
		1A47E13617BC71FA004F18FB /* orm */ = {
			isa = PBXGroup;
			children = (
				1A47E13717BC71FA004F18FB /* ZIMOrmModel.h */,
				1A47E13817BC71FA004F18FB /* ZIMOrmModel.m */,
				1A47E13917BC71FA004F18FB /* ZIMOrmModelDelegate.h */,
				1A47E13A17BC71FA004F18FB /* ZIMOrmSdk.h */,
				1A47E13B17BC71FA004F18FB /* ZIMOrmSelectStatement.h */,
				1A47E13C17BC71FA004F18FB /* ZIMOrmSelectStatement.m */,
			);
			path = orm;
			sourceTree = "<group>";
		};
		1A47E13D17BC71FA004F18FB /* sql */ = {
			isa = PBXGroup;
			children = (
				1A47E13E17BC71FA004F18FB /* ZIMSqlAlterTableStatement.h */,
				1A47E13F17BC71FA004F18FB /* ZIMSqlAlterTableStatement.m */,
				1A47E14017BC71FA004F18FB /* ZIMSqlAnalyzeStatement.h */,
				1A47E14117BC71FA004F18FB /* ZIMSqlAnalyzeStatement.m */,
				1A47E14217BC71FA004F18FB /* ZIMSqlAttachStatement.h */,
				1A47E14317BC71FA004F18FB /* ZIMSqlAttachStatement.m */,
				1A47E14417BC71FA004F18FB /* ZIMSqlCreateIndexStatement.h */,
				1A47E14517BC71FA004F18FB /* ZIMSqlCreateIndexStatement.m */,
				1A47E14617BC71FA004F18FB /* ZIMSqlCreateTableStatement.h */,
				1A47E14717BC71FA004F18FB /* ZIMSqlCreateTableStatement.m */,
				1A47E14817BC71FA004F18FB /* ZIMSqlCreateTriggerStatement.h */,
				1A47E14917BC71FA004F18FB /* ZIMSqlCreateTriggerStatement.m */,
				1A47E14A17BC71FA004F18FB /* ZIMSqlCreateViewStatement.h */,
				1A47E14B17BC71FA004F18FB /* ZIMSqlCreateViewStatement.m */,
				1A47E14C17BC71FA004F18FB /* ZIMSqlDataControlCommand.h */,
				1A47E14D17BC71FA004F18FB /* ZIMSqlDataDefinitionCommand.h */,
				1A47E14E17BC71FA004F18FB /* ZIMSqlDataManipulationCommand.h */,
				1A47E14F17BC71FA004F18FB /* ZIMSqlDeleteStatement.h */,
				1A47E15017BC71FA004F18FB /* ZIMSqlDeleteStatement.m */,
				1A47E15117BC71FA004F18FB /* ZIMSqlDetachStatement.h */,
				1A47E15217BC71FA004F18FB /* ZIMSqlDetachStatement.m */,
				1A47E15317BC71FA004F18FB /* ZIMSqlDropIndexStatement.h */,
				1A47E15417BC71FA004F18FB /* ZIMSqlDropIndexStatement.m */,
				1A47E15517BC71FA004F18FB /* ZIMSqlDropTableStatement.h */,
				1A47E15617BC71FA004F18FB /* ZIMSqlDropTableStatement.m */,
				1A47E15717BC71FA004F18FB /* ZIMSqlDropTriggerStatement.h */,
				1A47E15817BC71FA004F18FB /* ZIMSqlDropTriggerStatement.m */,
				1A47E15917BC71FA004F18FB /* ZIMSqlDropViewStatement.h */,
				1A47E15A17BC71FA004F18FB /* ZIMSqlDropViewStatement.m */,
				1A47E15B17BC71FA004F18FB /* ZIMSqlExplainStatement.h */,
				1A47E15C17BC71FA004F18FB /* ZIMSqlExplainStatement.m */,
				1A47E15D17BC71FA004F18FB /* ZIMSqlExpression.h */,
				1A47E15E17BC71FA004F18FB /* ZIMSqlExpression.m */,
				1A47E15F17BC71FA004F18FB /* ZIMSqlInsertStatement.h */,
				1A47E16017BC71FA004F18FB /* ZIMSqlInsertStatement.m */,
				1A47E16117BC71FA004F18FB /* ZIMSqlPreparedStatement.h */,
				1A47E16217BC71FA004F18FB /* ZIMSqlPreparedStatement.m */,
				1A47E16317BC71FA004F18FB /* ZIMSqlReindexStatement.h */,
				1A47E16417BC71FA004F18FB /* ZIMSqlReindexStatement.m */,
				1A47E16517BC71FA004F18FB /* ZIMSqlSdk.h */,
				1A47E16617BC71FA004F18FB /* ZIMSqlSelectStatement.h */,
				1A47E16717BC71FA004F18FB /* ZIMSqlSelectStatement.m */,
				1A47E16817BC71FA004F18FB /* ZIMSqlShowColumnsStatement.h */,
				1A47E16917BC71FA004F18FB /* ZIMSqlShowColumnsStatement.m */,
				1A47E16A17BC71FA004F18FB /* ZIMSqlShowGrantsStatement.h */,
				1A47E16B17BC71FA004F18FB /* ZIMSqlShowGrantsStatement.m */,
				1A47E16C17BC71FA004F18FB /* ZIMSqlShowTablesStatement.h */,
				1A47E16D17BC71FA004F18FB /* ZIMSqlShowTablesStatement.m */,
				1A47E16E17BC71FA004F18FB /* ZIMSqlShowTriggersStatement.h */,
				1A47E16F17BC71FA004F18FB /* ZIMSqlShowTriggersStatement.m */,
				1A47E17017BC71FA004F18FB /* ZIMSqlShowViewsStatement.h */,
				1A47E17117BC71FA004F18FB /* ZIMSqlShowViewsStatement.m */,
				1A47E17217BC71FA004F18FB /* ZIMSqlStatement.h */,
				1A47E17317BC71FA004F18FB /* ZIMSqlTokenizer.h */,
				1A47E17417BC71FA004F18FB /* ZIMSqlTokenizer.m */,
				1A47E17517BC71FA004F18FB /* ZIMSqlTransactionControlCommand.h */,
				1A47E17617BC71FA004F18FB /* ZIMSqlTruncateTableStatement.h */,
				1A47E17717BC71FA004F18FB /* ZIMSqlTruncateTableStatement.m */,
				1A47E17817BC71FA004F18FB /* ZIMSqlUpdateStatement.h */,
				1A47E17917BC71FA004F18FB /* ZIMSqlUpdateStatement.m */,
				1A47E17A17BC71FA004F18FB /* ZIMSqlUpsertStatement.h */,
				1A47E17B17BC71FA004F18FB /* ZIMSqlUpsertStatement.m */,
			);
			path = sql;
			sourceTree = "<group>";
		};
		1A47E17C17BC71FA004F18FB /* util */ = {
			isa = PBXGroup;
			children = (
				1A47E17D17BC71FA004F18FB /* ZIMMessageDigest.h */,
				1A47E17E17BC71FA004F18FB /* ZIMMessageDigest.m */,
			);
			path = util;
			sourceTree = "<group>";
		};
		1A47E17F17BC71FA004F18FB /* xml */ = {
			isa = PBXGroup;
			children = (
				1A47E18017BC71FA004F18FB /* database.dtd */,
				1A47E18117BC71FA004F18FB /* database.xsd */,
				1A47E18217BC71FA004F18FB /* examples */,
			);
			path = xml;
			sourceTree = "<group>";
		};
		1A47E18217BC71FA004F18FB /* examples */ = {
			isa = PBXGroup;
			children = (
				1A47E18317BC71FA004F18FB /* example.xml */,
			);
			path = examples;
			sourceTree = "<group>";
		};
		1ADFE66017B98B3600C2DFE0 = {
			isa = PBXGroup;
			children = (
				1ADFE67217B98B3600C2DFE0 /* CPM-Week-2-iOS */,
				1ADFE66B17B98B3600C2DFE0 /* Frameworks */,
				1ADFE66A17B98B3600C2DFE0 /* Products */,
			);
			sourceTree = "<group>";
		};
		1ADFE66A17B98B3600C2DFE0 /* Products */ = {
			isa = PBXGroup;
			children = (
				1ADFE66917B98B3600C2DFE0 /* CPM-Week-2-iOS.app */,
			);
			name = Products;
			sourceTree = "<group>";
		};
		1ADFE66B17B98B3600C2DFE0 /* Frameworks */ = {
			isa = PBXGroup;
			children = (
				1ADFEA1917B98C4C00C2DFE0 /* libsqlite3.dylib */,
				1ADFE66C17B98B3600C2DFE0 /* UIKit.framework */,
				1ADFE66E17B98B3600C2DFE0 /* Foundation.framework */,
				1ADFE67017B98B3600C2DFE0 /* CoreGraphics.framework */,
			);
			name = Frameworks;
			sourceTree = "<group>";
		};
		1ADFE67217B98B3600C2DFE0 /* CPM-Week-2-iOS */ = {
			isa = PBXGroup;
			children = (
				1ADFE68F17B98BDD00C2DFE0 /* Libraries */,
				1ADFE67B17B98B3600C2DFE0 /* AppDelegate.h */,
				1ADFE67C17B98B3600C2DFE0 /* AppDelegate.m */,
				1ADFE68417B98B3600C2DFE0 /* MainStoryboard.storyboard */,
				1A47DFA117BB25C9004F18FB /* TableCell.h */,
				1A47DFA217BB25C9004F18FB /* TableCell.m */,
				1ADFE68717B98B3600C2DFE0 /* ViewController.h */,
				1ADFE68817B98B3600C2DFE0 /* ViewController.m */,
				1ADFE67317B98B3600C2DFE0 /* Supporting Files */,
			);
			path = "CPM-Week-2-iOS";
			sourceTree = "<group>";
		};
		1ADFE67317B98B3600C2DFE0 /* Supporting Files */ = {
			isa = PBXGroup;
			children = (
				1ADFE67417B98B3600C2DFE0 /* CPM-Week-2-iOS-Info.plist */,
				1ADFE67517B98B3600C2DFE0 /* InfoPlist.strings */,
				1ADFE67817B98B3600C2DFE0 /* main.m */,
				1ADFE67A17B98B3600C2DFE0 /* CPM-Week-2-iOS-Prefix.pch */,
				1ADFE67E17B98B3600C2DFE0 /* Default.png */,
				1ADFE68017B98B3600C2DFE0 /* Default@2x.png */,
				1ADFE68217B98B3600C2DFE0 /* Default-568h@2x.png */,
				1ADFEA1D17B98E3700C2DFE0 /* db.plist */,
			);
			name = "Supporting Files";
			sourceTree = "<group>";
		};
		1ADFE68F17B98BDD00C2DFE0 /* Libraries */ = {
			isa = PBXGroup;
			children = (
				1A47DFA417BC71F9004F18FB /* obj-c-sql-query-builder */,
			);
			path = Libraries;
			sourceTree = "<group>";
		};
/* End PBXGroup section */

/* Begin PBXNativeTarget section */
		1ADFE66817B98B3600C2DFE0 /* CPM-Week-2-iOS */ = {
			isa = PBXNativeTarget;
			buildConfigurationList = 1ADFE68C17B98B3600C2DFE0 /* Build configuration list for PBXNativeTarget "CPM-Week-2-iOS" */;
			buildPhases = (
				1ADFE66517B98B3600C2DFE0 /* Sources */,
				1ADFE66617B98B3600C2DFE0 /* Frameworks */,
				1ADFE66717B98B3600C2DFE0 /* Resources */,
			);
			buildRules = (
			);
			dependencies = (
			);
			name = "CPM-Week-2-iOS";
			productName = "CPM-Week-2-iOS";
			productReference = 1ADFE66917B98B3600C2DFE0 /* CPM-Week-2-iOS.app */;
			productType = "com.apple.product-type.application";
		};
/* End PBXNativeTarget section */

/* Begin PBXProject section */
		1ADFE66117B98B3600C2DFE0 /* Project object */ = {
			isa = PBXProject;
			attributes = {
				LastUpgradeCheck = 0460;
				ORGANIZATIONNAME = rentpath;
			};
			buildConfigurationList = 1ADFE66417B98B3600C2DFE0 /* Build configuration list for PBXProject "CPM-Week-2-iOS" */;
			compatibilityVersion = "Xcode 3.2";
			developmentRegion = English;
			hasScannedForEncodings = 0;
			knownRegions = (
				en,
			);
			mainGroup = 1ADFE66017B98B3600C2DFE0;
			productRefGroup = 1ADFE66A17B98B3600C2DFE0 /* Products */;
			projectDirPath = "";
			projectRoot = "";
			targets = (
				1ADFE66817B98B3600C2DFE0 /* CPM-Week-2-iOS */,
			);
		};
/* End PBXProject section */

/* Begin PBXResourcesBuildPhase section */
		1ADFE66717B98B3600C2DFE0 /* Resources */ = {
			isa = PBXResourcesBuildPhase;
			buildActionMask = 2147483647;
			files = (
				1ADFE67717B98B3600C2DFE0 /* InfoPlist.strings in Resources */,
				1ADFE67F17B98B3600C2DFE0 /* Default.png in Resources */,
				1ADFE68117B98B3600C2DFE0 /* Default@2x.png in Resources */,
				1ADFE68317B98B3600C2DFE0 /* Default-568h@2x.png in Resources */,
				1ADFE68617B98B3600C2DFE0 /* MainStoryboard.storyboard in Resources */,
				1ADFEA1E17B98E3700C2DFE0 /* db.plist in Resources */,
				1A47E30217BC71FB004F18FB /* ZIMGenModels.properties in Resources */,
				1A47E30317BC71FB004F18FB /* ZIMGenModels.sh in Resources */,
				1A47E32717BC71FB004F18FB /* database.dtd in Resources */,
				1A47E32817BC71FB004F18FB /* database.xsd in Resources */,
				1A47E32917BC71FB004F18FB /* example.xml in Resources */,
			);
			runOnlyForDeploymentPostprocessing = 0;
		};
/* End PBXResourcesBuildPhase section */

/* Begin PBXSourcesBuildPhase section */
		1ADFE66517B98B3600C2DFE0 /* Sources */ = {
			isa = PBXSourcesBuildPhase;
			buildActionMask = 2147483647;
			files = (
				1ADFE67917B98B3600C2DFE0 /* main.m in Sources */,
				1ADFE67D17B98B3600C2DFE0 /* AppDelegate.m in Sources */,
				1ADFE68917B98B3600C2DFE0 /* ViewController.m in Sources */,
				1A47DFA317BB25C9004F18FB /* TableCell.m in Sources */,
				1A47E30517BC71FB004F18FB /* ZIMDbConnection.m in Sources */,
				1A47E30617BC71FB004F18FB /* ZIMDbConnectionPool.m in Sources */,
				1A47E30717BC71FB004F18FB /* NSString+ZIMString.m in Sources */,
				1A47E30817BC71FB004F18FB /* ZIMOrmModel.m in Sources */,
				1A47E30917BC71FB004F18FB /* ZIMOrmSelectStatement.m in Sources */,
				1A47E30A17BC71FB004F18FB /* ZIMSqlAlterTableStatement.m in Sources */,
				1A47E30B17BC71FB004F18FB /* ZIMSqlAnalyzeStatement.m in Sources */,
				1A47E30C17BC71FB004F18FB /* ZIMSqlAttachStatement.m in Sources */,
				1A47E30D17BC71FB004F18FB /* ZIMSqlCreateIndexStatement.m in Sources */,
				1A47E30E17BC71FB004F18FB /* ZIMSqlCreateTableStatement.m in Sources */,
				1A47E30F17BC71FB004F18FB /* ZIMSqlCreateTriggerStatement.m in Sources */,
				1A47E31017BC71FB004F18FB /* ZIMSqlCreateViewStatement.m in Sources */,
				1A47E31117BC71FB004F18FB /* ZIMSqlDeleteStatement.m in Sources */,
				1A47E31217BC71FB004F18FB /* ZIMSqlDetachStatement.m in Sources */,
				1A47E31317BC71FB004F18FB /* ZIMSqlDropIndexStatement.m in Sources */,
				1A47E31417BC71FB004F18FB /* ZIMSqlDropTableStatement.m in Sources */,
				1A47E31517BC71FB004F18FB /* ZIMSqlDropTriggerStatement.m in Sources */,
				1A47E31617BC71FB004F18FB /* ZIMSqlDropViewStatement.m in Sources */,
				1A47E31717BC71FB004F18FB /* ZIMSqlExplainStatement.m in Sources */,
				1A47E31817BC71FB004F18FB /* ZIMSqlExpression.m in Sources */,
				1A47E31917BC71FB004F18FB /* ZIMSqlInsertStatement.m in Sources */,
				1A47E31A17BC71FB004F18FB /* ZIMSqlPreparedStatement.m in Sources */,
				1A47E31B17BC71FB004F18FB /* ZIMSqlReindexStatement.m in Sources */,
				1A47E31C17BC71FB004F18FB /* ZIMSqlSelectStatement.m in Sources */,
				1A47E31D17BC71FB004F18FB /* ZIMSqlShowColumnsStatement.m in Sources */,
				1A47E31E17BC71FB004F18FB /* ZIMSqlShowGrantsStatement.m in Sources */,
				1A47E31F17BC71FB004F18FB /* ZIMSqlShowTablesStatement.m in Sources */,
				1A47E32017BC71FB004F18FB /* ZIMSqlShowTriggersStatement.m in Sources */,
				1A47E32117BC71FB004F18FB /* ZIMSqlShowViewsStatement.m in Sources */,
				1A47E32217BC71FB004F18FB /* ZIMSqlTokenizer.m in Sources */,
				1A47E32317BC71FB004F18FB /* ZIMSqlTruncateTableStatement.m in Sources */,
				1A47E32417BC71FB004F18FB /* ZIMSqlUpdateStatement.m in Sources */,
				1A47E32517BC71FB004F18FB /* ZIMSqlUpsertStatement.m in Sources */,
				1A47E32617BC71FB004F18FB /* ZIMMessageDigest.m in Sources */,
			);
			runOnlyForDeploymentPostprocessing = 0;
		};
/* End PBXSourcesBuildPhase section */

/* Begin PBXVariantGroup section */
		1ADFE67517B98B3600C2DFE0 /* InfoPlist.strings */ = {
			isa = PBXVariantGroup;
			children = (
				1ADFE67617B98B3600C2DFE0 /* en */,
			);
			name = InfoPlist.strings;
			sourceTree = "<group>";
		};
		1ADFE68417B98B3600C2DFE0 /* MainStoryboard.storyboard */ = {
			isa = PBXVariantGroup;
			children = (
				1ADFE68517B98B3600C2DFE0 /* en */,
			);
			name = MainStoryboard.storyboard;
			sourceTree = "<group>";
		};
/* End PBXVariantGroup section */

/* Begin XCBuildConfiguration section */
		1ADFE68A17B98B3600C2DFE0 /* Debug */ = {
			isa = XCBuildConfiguration;
			buildSettings = {
				ALWAYS_SEARCH_USER_PATHS = NO;
				CLANG_CXX_LANGUAGE_STANDARD = "gnu++0x";
				CLANG_CXX_LIBRARY = "libc++";
				CLANG_ENABLE_OBJC_ARC = YES;
				CLANG_WARN_CONSTANT_CONVERSION = YES;
				CLANG_WARN_EMPTY_BODY = YES;
				CLANG_WARN_ENUM_CONVERSION = YES;
				CLANG_WARN_INT_CONVERSION = YES;
				CLANG_WARN__DUPLICATE_METHOD_MATCH = YES;
				"CODE_SIGN_IDENTITY[sdk=iphoneos*]" = "iPhone Developer";
				COPY_PHASE_STRIP = NO;
				GCC_C_LANGUAGE_STANDARD = gnu99;
				GCC_DYNAMIC_NO_PIC = NO;
				GCC_OPTIMIZATION_LEVEL = 0;
				GCC_PREPROCESSOR_DEFINITIONS = (
					"DEBUG=1",
					"$(inherited)",
				);
				GCC_SYMBOLS_PRIVATE_EXTERN = NO;
				GCC_WARN_ABOUT_RETURN_TYPE = YES;
				GCC_WARN_UNINITIALIZED_AUTOS = YES;
				GCC_WARN_UNUSED_VARIABLE = YES;
				IPHONEOS_DEPLOYMENT_TARGET = 6.1;
				ONLY_ACTIVE_ARCH = YES;
				SDKROOT = iphoneos;
			};
			name = Debug;
		};
		1ADFE68B17B98B3600C2DFE0 /* Release */ = {
			isa = XCBuildConfiguration;
			buildSettings = {
				ALWAYS_SEARCH_USER_PATHS = NO;
				CLANG_CXX_LANGUAGE_STANDARD = "gnu++0x";
				CLANG_CXX_LIBRARY = "libc++";
				CLANG_ENABLE_OBJC_ARC = YES;
				CLANG_WARN_CONSTANT_CONVERSION = YES;
				CLANG_WARN_EMPTY_BODY = YES;
				CLANG_WARN_ENUM_CONVERSION = YES;
				CLANG_WARN_INT_CONVERSION = YES;
				CLANG_WARN__DUPLICATE_METHOD_MATCH = YES;
				"CODE_SIGN_IDENTITY[sdk=iphoneos*]" = "iPhone Developer";
				COPY_PHASE_STRIP = YES;
				GCC_C_LANGUAGE_STANDARD = gnu99;
				GCC_WARN_ABOUT_RETURN_TYPE = YES;
				GCC_WARN_UNINITIALIZED_AUTOS = YES;
				GCC_WARN_UNUSED_VARIABLE = YES;
				IPHONEOS_DEPLOYMENT_TARGET = 6.1;
				OTHER_CFLAGS = "-DNS_BLOCK_ASSERTIONS=1";
				SDKROOT = iphoneos;
				VALIDATE_PRODUCT = YES;
			};
			name = Release;
		};
		1ADFE68D17B98B3600C2DFE0 /* Debug */ = {
			isa = XCBuildConfiguration;
			buildSettings = {
				GCC_PRECOMPILE_PREFIX_HEADER = YES;
				GCC_PREFIX_HEADER = "CPM-Week-2-iOS/CPM-Week-2-iOS-Prefix.pch";
				INFOPLIST_FILE = "CPM-Week-2-iOS/CPM-Week-2-iOS-Info.plist";
				PRODUCT_NAME = "$(TARGET_NAME)";
				WRAPPER_EXTENSION = app;
			};
			name = Debug;
		};
		1ADFE68E17B98B3600C2DFE0 /* Release */ = {
			isa = XCBuildConfiguration;
			buildSettings = {
				GCC_PRECOMPILE_PREFIX_HEADER = YES;
				GCC_PREFIX_HEADER = "CPM-Week-2-iOS/CPM-Week-2-iOS-Prefix.pch";
				INFOPLIST_FILE = "CPM-Week-2-iOS/CPM-Week-2-iOS-Info.plist";
				PRODUCT_NAME = "$(TARGET_NAME)";
				WRAPPER_EXTENSION = app;
			};
			name = Release;
		};
/* End XCBuildConfiguration section */

/* Begin XCConfigurationList section */
		1ADFE66417B98B3600C2DFE0 /* Build configuration list for PBXProject "CPM-Week-2-iOS" */ = {
			isa = XCConfigurationList;
			buildConfigurations = (
				1ADFE68A17B98B3600C2DFE0 /* Debug */,
				1ADFE68B17B98B3600C2DFE0 /* Release */,
			);
			defaultConfigurationIsVisible = 0;
			defaultConfigurationName = Release;
		};
		1ADFE68C17B98B3600C2DFE0 /* Build configuration list for PBXNativeTarget "CPM-Week-2-iOS" */ = {
			isa = XCConfigurationList;
			buildConfigurations = (
				1ADFE68D17B98B3600C2DFE0 /* Debug */,
				1ADFE68E17B98B3600C2DFE0 /* Release */,
			);
			defaultConfigurationIsVisible = 0;
			defaultConfigurationName = Release;
		};
/* End XCConfigurationList section */
	};
	rootObject = 1ADFE66117B98B3600C2DFE0 /* Project object */;
}
